<?xml version="1.0" encoding="utf-8"?>
<Project ToolsVersion="4.0" xmlns="http://schemas.microsoft.com/developer/msbuild/2003">
  <ItemGroup>
    <Filter Include="Source Files">
      <UniqueIdentifier>{4FC737F1-C7A5-4376-A066-2A32D752A2FF}</UniqueIdentifier>
      <Extensions>cpp;c;cc;cxx;def;odl;idl;hpj;bat;asm;asmx</Extensions>
    </Filter>
    <Filter Include="Header Files">
      <UniqueIdentifier>{93995380-89BD-4b04-88EB-625FBE52EBFB}</UniqueIdentifier>
      <Extensions>h;hh;hpp;hxx;hm;inl;inc;xsd</Extensions>
    </Filter>
    <Filter Include="Resource Files">
      <UniqueIdentifier>{67DA6AB6-F800-4c08-8B7A-83BB121AAD01}</UniqueIdentifier>
      <Extensions>rc;ico;cur;bmp;dlg;rc2;rct;bin;rgs;gif;jpg;jpeg;jpe;resx;tiff;tif;png;wav;mfcribbon-ms</Extensions>
    </Filter>
    <Filter Include="Resource Files\Shaders">
      <UniqueIdentifier>{92d4e588-150d-43bb-82c1-89b0c00d8e8b}</UniqueIdentifier>
    </Filter>
    <Filter Include="Header Files\Math">
      <UniqueIdentifier>{e6b0c868-35ae-44db-91be-9d4ee7a98d83}</UniqueIdentifier>
    </Filter>
    <Filter Include="Source Files\Math">
      <UniqueIdentifier>{f9dd4bce-2e0e-4d5d-8575-855cbc38c03b}</UniqueIdentifier>
    </Filter>
    <Filter Include="Header Files\Texture">
      <UniqueIdentifier>{1c9bf319-c7e8-4fc7-b812-4418d2fb764b}</UniqueIdentifier>
    </Filter>
    <Filter Include="Source Files\Texture">
      <UniqueIdentifier>{9afe685a-57f0-45ba-a6f7-53f24bd6e985}</UniqueIdentifier>
    </Filter>
    <Filter Include="Source Files\Mesh">
      <UniqueIdentifier>{3fad9c80-28d5-4f3b-adb8-4b88fd4af2e2}</UniqueIdentifier>
    </Filter>
    <Filter Include="Header Files\Mesh">
      <UniqueIdentifier>{be35cf56-beb1-43bf-8f19-e334392915b9}</UniqueIdentifier>
    </Filter>
    <Filter Include="Source Files\SceneGraph">
      <UniqueIdentifier>{aabb3d40-d4bb-4335-9c36-6db880fd893e}</UniqueIdentifier>
    </Filter>
    <Filter Include="Header Files\SceneGraph">
      <UniqueIdentifier>{e990e1eb-ac4b-4d25-ae65-5fac085b9ca3}</UniqueIdentifier>
    </Filter>
    <Filter Include="Header Files\Camera">
      <UniqueIdentifier>{9d2d45fa-e945-4e1b-b717-a31cd26790a1}</UniqueIdentifier>
    </Filter>
    <Filter Include="Source Files\Camera">
      <UniqueIdentifier>{9dfaa997-90c2-45f1-8b46-1b84df4cfe0f}</UniqueIdentifier>
    </Filter>
    <Filter Include="Header Files\Render">
      <UniqueIdentifier>{1e54dbe6-dec6-420d-bfea-2e8c190730ba}</UniqueIdentifier>
    </Filter>
    <Filter Include="Source Files\Render">
      <UniqueIdentifier>{325cab3c-6c75-4a4b-b855-f93bf68df175}</UniqueIdentifier>
    </Filter>
    <Filter Include="Header Files\Actor">
      <UniqueIdentifier>{326dcb20-c96e-4f44-8cfa-36f136d767ca}</UniqueIdentifier>
    </Filter>
    <Filter Include="Source Files\Actor">
      <UniqueIdentifier>{f6ab524b-64c2-4f75-bb88-9600478399e9}</UniqueIdentifier>
    </Filter>
    <Filter Include="Header Files\RenderQueue">
      <UniqueIdentifier>{e2a79e6d-695a-46a0-ae73-86dc12cf7256}</UniqueIdentifier>
    </Filter>
    <Filter Include="Source Files\RenderQueue">
      <UniqueIdentifier>{9dd3a080-6bac-4e0e-9cb4-dc82c823c9ff}</UniqueIdentifier>
    </Filter>
    <Filter Include="Resource Files\Shaders\DeferredShading">
      <UniqueIdentifier>{7066dd41-040d-4171-8cba-da70625f065e}</UniqueIdentifier>
    </Filter>
    <Filter Include="Resource Files\Shaders\Common">
      <UniqueIdentifier>{49e6e597-98f1-4777-8e7e-31563fc4ff5d}</UniqueIdentifier>
    </Filter>
    <Filter Include="Resource Files\Shaders\DeferredShading\GBuffer">
      <UniqueIdentifier>{be82e595-2e0d-435d-8efc-7ded3e905c8e}</UniqueIdentifier>
    </Filter>
    <Filter Include="Resource Files\Shaders\DeferredShading\Lighting">
      <UniqueIdentifier>{3ad0976b-697a-47f3-b4cc-d17a993543b0}</UniqueIdentifier>
    </Filter>
    <Filter Include="Resource Files\Shaders\DeferredShading\Combiner">
      <UniqueIdentifier>{ecbe8f81-738b-4efa-859f-886588cd9436}</UniqueIdentifier>
    </Filter>
    <Filter Include="Resource Files\Shaders\ImageProcessing">
      <UniqueIdentifier>{8f5d2557-58ff-446d-8327-758ce64ec771}</UniqueIdentifier>
    </Filter>
    <Filter Include="Header Files\FrameBuffer">
      <UniqueIdentifier>{39be40b6-9f8e-4b68-a202-250fb635762e}</UniqueIdentifier>
    </Filter>
    <Filter Include="Source Files\FrameBuffer">
      <UniqueIdentifier>{4a5e6de2-bdce-405e-be44-31989f00f410}</UniqueIdentifier>
    </Filter>
    <Filter Include="Header Files\Render\PostProcesses">
      <UniqueIdentifier>{b8486d59-e41b-4c97-9c6a-36f2a8d4be78}</UniqueIdentifier>
    </Filter>
    <Filter Include="Source Files\Render\PostProcesses">
      <UniqueIdentifier>{5e24edea-7a43-41ec-823e-b8624a78551c}</UniqueIdentifier>
    </Filter>
    <Filter Include="Header Files\Render\Lighting">
      <UniqueIdentifier>{5cad7cc8-357d-4b22-bcee-62ecb2d9d6c8}</UniqueIdentifier>
    </Filter>
    <Filter Include="Source Files\Render\Lighting">
      <UniqueIdentifier>{48bb3e3f-7494-4d71-a31e-02ba1aec46ab}</UniqueIdentifier>
    </Filter>
    <Filter Include="Resource Files\Meshes">
      <UniqueIdentifier>{cc50a5b2-368e-4bbe-bf5d-64e965d86f5c}</UniqueIdentifier>
    </Filter>
    <Filter Include="Resource Files\Textures">
      <UniqueIdentifier>{9d59d437-c37d-4613-a3dd-c3971d37aec2}</UniqueIdentifier>
    </Filter>
  </ItemGroup>
  <ItemGroup>
    <Text Include="ReadMe.txt" />
    <Text Include="resource\Meshes\sphere_UVs.obj">
      <Filter>Resource Files\Meshes</Filter>
    </Text>
    <Text Include="resource\Shaders\Common\DrawTexture.frag">
      <Filter>Resource Files\Shaders\Common</Filter>
    </Text>
    <Text Include="resource\Shaders\ImageProcessing\EnvironmentMapConvolution.frag">
      <Filter>Resource Files\Shaders\ImageProcessing</Filter>
    </Text>
    <Text Include="resource\Shaders\DeferredShading\GBuffer\EnvironmentMapFragmentShader.frag">
      <Filter>Resource Files\Shaders\DeferredShading\GBuffer</Filter>
    </Text>
    <Text Include="resource\Shaders\DeferredShading\GBuffer\InstancedVertexShader.vert">
      <Filter>Resource Files\Shaders\DeferredShading\GBuffer</Filter>
    </Text>
    <Text Include="resource\Shaders\DeferredShading\GBuffer\ModelShader.frag">
      <Filter>Resource Files\Shaders\DeferredShading\GBuffer</Filter>
    </Text>
    <Text Include="resource\Shaders\DeferredShading\GBuffer\VertexShader.vert">
      <Filter>Resource Files\Shaders\DeferredShading\GBuffer</Filter>
    </Text>
    <Text Include="resource\Shaders\DeferredShading\Lighting\EnvironmentMapLight.frag">
      <Filter>Resource Files\Shaders\DeferredShading\Lighting</Filter>
    </Text>
    <Text Include="resource\Shaders\ImageProcessing\BlurXY">
      <Filter>Resource Files\Shaders\ImageProcessing</Filter>
    </Text>
  </ItemGroup>
  <ItemGroup>
    <ClInclude Include="resource.h">
      <Filter>Header Files</Filter>
    </ClInclude>
    <ClInclude Include="include\Actor\Actor.h">
      <Filter>Header Files\Actor</Filter>
    </ClInclude>
    <ClInclude Include="include\Actor\SpinnerActor.h">
      <Filter>Header Files\Actor</Filter>
    </ClInclude>
    <ClInclude Include="include\Actor\ThirdViewOrientationActor.h">
      <Filter>Header Files\Actor</Filter>
    </ClInclude>
    <ClInclude Include="include\Camera\PerspectiveCamera.h">
      <Filter>Header Files\Camera</Filter>
    </ClInclude>
    <ClInclude Include="include\FrameBuffer\FrameBuffer.h">
      <Filter>Header Files\FrameBuffer</Filter>
    </ClInclude>
    <ClInclude Include="include\FrameBuffer\FrameBufferManager.h">
      <Filter>Header Files\FrameBuffer</Filter>
    </ClInclude>
    <ClInclude Include="include\FrameBuffer\GBuffer.h">
      <Filter>Header Files\FrameBuffer</Filter>
    </ClInclude>
    <ClInclude Include="include\FrameBuffer\RGB16FBuffer.h">
      <Filter>Header Files\FrameBuffer</Filter>
    </ClInclude>
    <ClInclude Include="include\Math\Matrix4.h">
      <Filter>Header Files\Math</Filter>
    </ClInclude>
    <ClInclude Include="include\Math\Quaternion.h">
      <Filter>Header Files\Math</Filter>
    </ClInclude>
    <ClInclude Include="include\Math\Vector2.h">
      <Filter>Header Files\Math</Filter>
    </ClInclude>
    <ClInclude Include="include\Math\Vector3.h">
      <Filter>Header Files\Math</Filter>
    </ClInclude>
    <ClInclude Include="include\Mesh\Mesh.h">
      <Filter>Header Files\Mesh</Filter>
    </ClInclude>
    <ClInclude Include="include\Mesh\MeshLoader.h">
      <Filter>Header Files\Mesh</Filter>
    </ClInclude>
    <ClInclude Include="include\Mesh\OBJLoader.h">
      <Filter>Header Files\Mesh</Filter>
    </ClInclude>
    <ClInclude Include="include\Mesh\OBJMesh.h">
      <Filter>Header Files\Mesh</Filter>
    </ClInclude>
    <ClInclude Include="include\Render\Lighting\EnvironmentMapLight.h">
      <Filter>Header Files\Render\Lighting</Filter>
    </ClInclude>
    <ClInclude Include="include\Render\Lighting\Light.h">
      <Filter>Header Files\Render\Lighting</Filter>
    </ClInclude>
    <ClInclude Include="include\Render\Lighting\PointLight.h">
      <Filter>Header Files\Render\Lighting</Filter>
    </ClInclude>
    <ClInclude Include="include\Render\PostProcesses\BloomPostProcess.h">
      <Filter>Header Files\Render\PostProcesses</Filter>
    </ClInclude>
    <ClInclude Include="include\Render\PostProcesses\GammaCorrectionPostProcess.h">
      <Filter>Header Files\Render\PostProcesses</Filter>
    </ClInclude>
    <ClInclude Include="include\Render\PostProcesses\LensPostProcess.h">
      <Filter>Header Files\Render\PostProcesses</Filter>
    </ClInclude>
    <ClInclude Include="include\Render\PostProcesses\PostProcess.h">
      <Filter>Header Files\Render\PostProcesses</Filter>
    </ClInclude>
    <ClInclude Include="include\Render\EnvironmentMapSky.h">
      <Filter>Header Files\Render</Filter>
    </ClInclude>
    <ClInclude Include="include\Render\InstancedModel.h">
      <Filter>Header Files\Render</Filter>
    </ClInclude>
    <ClInclude Include="include\Render\Model.h">
      <Filter>Header Files\Render</Filter>
    </ClInclude>
    <ClInclude Include="include\Render\Renderable.h">
      <Filter>Header Files\Render</Filter>
    </ClInclude>
    <ClInclude Include="include\Render\RenderableCollectorVisitor.h">
      <Filter>Header Files\Render</Filter>
    </ClInclude>
    <ClInclude Include="include\Render\RenderingElements.h">
      <Filter>Header Files\Render</Filter>
    </ClInclude>
    <ClInclude Include="include\Render\RenderManager.h">
      <Filter>Header Files\Render</Filter>
    </ClInclude>
    <ClInclude Include="include\RenderQueue\NoAlphaRenderQueue.h">
      <Filter>Header Files\RenderQueue</Filter>
    </ClInclude>
    <ClInclude Include="include\RenderQueue\PointLightRenderQueue.h">
      <Filter>Header Files\RenderQueue</Filter>
    </ClInclude>
    <ClInclude Include="include\RenderQueue\RenderQueue.h">
      <Filter>Header Files\RenderQueue</Filter>
    </ClInclude>
    <ClInclude Include="include\RenderQueue\SkyRenderQueue.h">
      <Filter>Header Files\RenderQueue</Filter>
    </ClInclude>
    <ClInclude Include="include\SceneGraph\SceneElement.h">
      <Filter>Header Files\SceneGraph</Filter>
    </ClInclude>
    <ClInclude Include="include\SceneGraph\SceneElementVisitor.h">
      <Filter>Header Files\SceneGraph</Filter>
    </ClInclude>
    <ClInclude Include="include\SceneGraph\SceneManager.h">
      <Filter>Header Files\SceneGraph</Filter>
    </ClInclude>
    <ClInclude Include="include\SceneGraph\SceneNode.h">
      <Filter>Header Files\SceneGraph</Filter>
    </ClInclude>
    <ClInclude Include="include\SceneGraph\UpdateVisitor.h">
      <Filter>Header Files\SceneGraph</Filter>
    </ClInclude>
    <ClInclude Include="include\Texture\Texture.h">
      <Filter>Header Files\Texture</Filter>
    </ClInclude>
    <ClInclude Include="include\Texture\Texture2D.h">
      <Filter>Header Files\Texture</Filter>
    </ClInclude>
    <ClInclude Include="include\Texture\Texture2DRGB8.h">
      <Filter>Header Files\Texture</Filter>
    </ClInclude>
    <ClInclude Include="include\Texture\Texture2DRGB16F.h">
      <Filter>Header Files\Texture</Filter>
    </ClInclude>
    <ClInclude Include="include\Texture\Texture3D.h">
      <Filter>Header Files\Texture</Filter>
    </ClInclude>
    <ClInclude Include="include\Texture\TextureManager.h">
      <Filter>Header Files\Texture</Filter>
    </ClInclude>
    <ClInclude Include="include\GraphicsDeviceManager.h">
      <Filter>Header Files</Filter>
    </ClInclude>
    <ClInclude Include="include\GraphicsResourceManager.h">
      <Filter>Header Files</Filter>
    </ClInclude>
    <ClInclude Include="include\ShaderProgram.h">
      <Filter>Header Files</Filter>
    </ClInclude>
    <ClInclude Include="include\Uniform.h">
      <Filter>Header Files</Filter>
    </ClInclude>
    <ClInclude Include="include\Utils.h">
      <Filter>Header Files</Filter>
    </ClInclude>
    <ClInclude Include="include\VBOManager.h">
      <Filter>Header Files</Filter>
    </ClInclude>
    <ClInclude Include="include\VertexArrayObject.h">
      <Filter>Header Files</Filter>
    </ClInclude>
    <ClInclude Include="include\stdafx.h">
      <Filter>Header Files</Filter>
    </ClInclude>
    <ClInclude Include="include\targetver.h">
      <Filter>Header Files</Filter>
    </ClInclude>
    <ClInclude Include="include\ComputeShaderProgram.h">
      <Filter>Header Files</Filter>
    </ClInclude>
    <ClInclude Include="include\Texture\Texture2DRGBA16F.h">
      <Filter>Header Files\Texture</Filter>
    </ClInclude>
    <ClInclude Include="GLEngine.h">
      <Filter>Header Files</Filter>
    </ClInclude>
  </ItemGroup>
  <ItemGroup>
    <ClCompile Include="source\Actor\Actor.cpp">
      <Filter>Source Files\Actor</Filter>
    </ClCompile>
    <ClCompile Include="source\Actor\SpinnerActor.cpp">
      <Filter>Source Files\Actor</Filter>
    </ClCompile>
    <ClCompile Include="source\Actor\ThirdViewOrientationActor.cpp">
      <Filter>Source Files\Actor</Filter>
    </ClCompile>
    <ClCompile Include="source\Camera\PerspectiveCamera.cpp">
      <Filter>Source Files\Camera</Filter>
    </ClCompile>
    <ClCompile Include="source\FrameBuffer\FrameBuffer.cpp">
      <Filter>Source Files\FrameBuffer</Filter>
    </ClCompile>
    <ClCompile Include="source\FrameBuffer\FrameBufferManager.cpp">
      <Filter>Source Files\FrameBuffer</Filter>
    </ClCompile>
    <ClCompile Include="source\FrameBuffer\GBuffer.cpp">
      <Filter>Source Files\FrameBuffer</Filter>
    </ClCompile>
    <ClCompile Include="source\FrameBuffer\RGB16FBuffer.cpp">
      <Filter>Source Files\FrameBuffer</Filter>
    </ClCompile>
    <ClCompile Include="source\Math\Matrix4.cpp">
      <Filter>Source Files\Math</Filter>
    </ClCompile>
    <ClCompile Include="source\Math\Quaternion.cpp">
      <Filter>Source Files\Math</Filter>
    </ClCompile>
    <ClCompile Include="source\Math\Vector2.cpp">
      <Filter>Source Files\Math</Filter>
    </ClCompile>
    <ClCompile Include="source\Math\Vector3.cpp">
      <Filter>Source Files\Math</Filter>
    </ClCompile>
    <ClCompile Include="source\Mesh\Mesh.cpp">
      <Filter>Source Files\Mesh</Filter>
    </ClCompile>
    <ClCompile Include="source\Mesh\MeshLoader.cpp">
      <Filter>Source Files\Mesh</Filter>
    </ClCompile>
    <ClCompile Include="source\Mesh\OBJLoader.cpp">
      <Filter>Source Files\Mesh</Filter>
    </ClCompile>
    <ClCompile Include="source\Mesh\OBJMesh.cpp">
      <Filter>Source Files\Mesh</Filter>
    </ClCompile>
    <ClCompile Include="source\Render\PostProcesses\BloomPostProcess.cpp">
      <Filter>Source Files\Render\PostProcesses</Filter>
    </ClCompile>
    <ClCompile Include="source\Render\PostProcesses\GammaCorrectionPostProcess.cpp">
      <Filter>Source Files\Render\PostProcesses</Filter>
    </ClCompile>
    <ClCompile Include="source\Render\PostProcesses\LensPostProcess.cpp">
      <Filter>Source Files\Render\PostProcesses</Filter>
    </ClCompile>
    <ClCompile Include="source\Render\PostProcesses\PostProcess.cpp">
      <Filter>Source Files\Render\PostProcesses</Filter>
    </ClCompile>
    <ClCompile Include="source\Render\EnvironmentMapSky.cpp">
      <Filter>Source Files\Render</Filter>
    </ClCompile>
    <ClCompile Include="source\Render\InstancedModel.cpp">
      <Filter>Source Files\Render</Filter>
    </ClCompile>
    <ClCompile Include="source\Render\Model.cpp">
      <Filter>Source Files\Render</Filter>
    </ClCompile>
    <ClCompile Include="source\Render\Renderable.cpp">
      <Filter>Source Files\Render</Filter>
    </ClCompile>
    <ClCompile Include="source\Render\RenderableCollectorVisitor.cpp">
      <Filter>Source Files\Render</Filter>
    </ClCompile>
    <ClCompile Include="source\Render\RenderingElements.cpp">
      <Filter>Source Files\Render</Filter>
    </ClCompile>
    <ClCompile Include="source\Render\RenderManager.cpp">
      <Filter>Source Files\Render</Filter>
    </ClCompile>
    <ClCompile Include="source\RenderQueue\NoAlphaRenderQueue.cpp">
      <Filter>Source Files\RenderQueue</Filter>
    </ClCompile>
    <ClCompile Include="source\RenderQueue\PointLightRenderQueue.cpp">
      <Filter>Source Files\RenderQueue</Filter>
    </ClCompile>
    <ClCompile Include="source\RenderQueue\RenderQueue.cpp">
      <Filter>Source Files\RenderQueue</Filter>
    </ClCompile>
    <ClCompile Include="source\RenderQueue\SkyRenderQueue.cpp">
      <Filter>Source Files\RenderQueue</Filter>
    </ClCompile>
    <ClCompile Include="source\SceneGraph\SceneElement.cpp">
      <Filter>Source Files\SceneGraph</Filter>
    </ClCompile>
    <ClCompile Include="source\SceneGraph\SceneElementVisitor.cpp">
      <Filter>Source Files\SceneGraph</Filter>
    </ClCompile>
    <ClCompile Include="source\SceneGraph\SceneManager.cpp">
      <Filter>Source Files\SceneGraph</Filter>
    </ClCompile>
    <ClCompile Include="source\SceneGraph\SceneNode.cpp">
      <Filter>Source Files\SceneGraph</Filter>
    </ClCompile>
    <ClCompile Include="source\SceneGraph\UpdateVisitor.cpp">
      <Filter>Source Files\SceneGraph</Filter>
    </ClCompile>
    <ClCompile Include="source\Texture\Texture.cpp">
      <Filter>Source Files\Texture</Filter>
    </ClCompile>
    <ClCompile Include="source\Texture\Texture2D.cpp">
      <Filter>Source Files\Texture</Filter>
    </ClCompile>
    <ClCompile Include="source\Texture\Texture2DRGB8.cpp">
      <Filter>Source Files\Texture</Filter>
    </ClCompile>
    <ClCompile Include="source\Texture\Texture2DRGB16F.cpp">
      <Filter>Source Files\Texture</Filter>
    </ClCompile>
    <ClCompile Include="source\Texture\Texture3D.cpp">
      <Filter>Source Files\Texture</Filter>
    </ClCompile>
    <ClCompile Include="source\Texture\TextureManager.cpp">
      <Filter>Source Files\Texture</Filter>
    </ClCompile>
    <ClCompile Include="source\GLEngine.cpp">
      <Filter>Source Files</Filter>
    </ClCompile>
    <ClCompile Include="source\GraphicsDeviceManager.cpp">
      <Filter>Source Files</Filter>
    </ClCompile>
    <ClCompile Include="source\GraphicsResourceManager.cpp">
      <Filter>Source Files</Filter>
    </ClCompile>
    <ClCompile Include="source\ShaderProgram.cpp">
      <Filter>Source Files</Filter>
    </ClCompile>
    <ClCompile Include="source\Uniform.cpp">
      <Filter>Source Files</Filter>
    </ClCompile>
    <ClCompile Include="source\Utils.cpp">
      <Filter>Source Files</Filter>
    </ClCompile>
    <ClCompile Include="source\VBOManager.cpp">
      <Filter>Source Files</Filter>
    </ClCompile>
    <ClCompile Include="source\VertexArrayObject.cpp">
      <Filter>Source Files</Filter>
    </ClCompile>
    <ClCompile Include="source\stdafx.cpp">
      <Filter>Source Files</Filter>
    </ClCompile>
    <ClCompile Include="source\Render\Lighting\PointLight.cpp">
      <Filter>Source Files\Render\Lighting</Filter>
    </ClCompile>
    <ClCompile Include="source\Render\Lighting\Light.cpp">
      <Filter>Source Files\Render\Lighting</Filter>
    </ClCompile>
    <ClCompile Include="source\Render\Lighting\EnvironmentMapLight.cpp">
      <Filter>Source Files\Render\Lighting</Filter>
    </ClCompile>
    <ClCompile Include="source\ComputeShaderProgram.cpp">
      <Filter>Source Files</Filter>
    </ClCompile>
    <ClCompile Include="source\Texture\Texture2DRGBA16F.cpp">
      <Filter>Source Files\Texture</Filter>
    </ClCompile>
  </ItemGroup>
  <ItemGroup>
    <ResourceCompile Include="GLEngine.rc">
      <Filter>Resource Files</Filter>
    </ResourceCompile>
  </ItemGroup>
  <ItemGroup>
    <None Include="resource\Shaders\Common\ScreenSpace.vert">
      <Filter>Resource Files\Shaders\Common</Filter>
    </None>
    <None Include="resource\Shaders\ImageProcessing\GammaCorrection.frag">
      <Filter>Resource Files\Shaders\ImageProcessing</Filter>
    </None>
    <None Include="resource\Shaders\DeferredShading\Combiner\PBRCombiner.frag">
      <Filter>Resource Files\Shaders\DeferredShading\Combiner</Filter>
    </None>
    <None Include="resource\Shaders\DeferredShading\Lighting\PointLight.frag">
      <Filter>Resource Files\Shaders\DeferredShading\Lighting</Filter>
    </None>
    <None Include="resource\Shaders\DeferredShading\Lighting\PointLight.vert">
      <Filter>Resource Files\Shaders\DeferredShading\Lighting</Filter>
    </None>
    <None Include="resource\Shaders\DeferredShading\Lighting\PointLightProjection.frag">
      <Filter>Resource Files\Shaders\DeferredShading\Lighting</Filter>
    </None>
    <None Include="resource\Shaders\ImageProcessing\Bloom_ComputeShader">
      <Filter>Resource Files\Shaders\ImageProcessing</Filter>
    </None>
    <None Include="resource\Shaders\ImageProcessing\Ghosting">
      <Filter>Resource Files\Shaders\ImageProcessing</Filter>
    </None>
    <None Include="resource\Shaders\ImageProcessing\Combiner">
      <Filter>Resource Files\Shaders\ImageProcessing</Filter>
    </None>
  </ItemGroup>
  <ItemGroup>
    <Image Include="resource\Textures\lensChromaticAberration.png">
      <Filter>Resource Files\Textures</Filter>
    </Image>
  </ItemGroup>
</Project>